// !$*UTF8*$!
{
	archiveVersion = 1;
	classes = {
	};
	objectVersion = 46;
	objects = {

/* Begin PBXBuildFile section */
		C421D13B1DD7480200945AFC /* main.c in Sources */ = {isa = PBXBuildFile; fileRef = C421D13A1DD7480200945AFC /* main.c */; };
/* End PBXBuildFile section */

/* Begin PBXCopyFilesBuildPhase section */
		C421D1351DD7480200945AFC /* CopyFiles */ = {
			isa = PBXCopyFilesBuildPhase;
			buildActionMask = 2147483647;
			dstPath = /usr/share/man/man1/;
			dstSubfolderSpec = 0;
			files = (
			);
			runOnlyForDeploymentPostprocessing = 1;
		};
/* End PBXCopyFilesBuildPhase section */

/* Begin PBXFileReference section */
		C421D1371DD7480200945AFC /* Game_MasterMind */ = {isa = PBXFileReference; explicitFileType = "compiled.mach-o.executable"; includeInIndex = 0; path = Game_MasterMind; sourceTree = BUILT_PRODUCTS_DIR; };
		C421D13A1DD7480200945AFC /* main.c */ = {isa = PBXFileReference; lastKnownFileType = sourcecode.c.c; path = main.c; sourceTree = "<group>"; };
		C4EA159D1DD9606F00DA4059 /* kadai01.cpp */ = {isa = PBXFileReference; fileEncoding = 4; lastKnownFileType = sourcecode.cpp.cpp; path = kadai01.cpp; sourceTree = "<group>"; };
		C4EA159F1DD9684E00DA4059 /* main.h */ = {isa = PBXFileReference; fileEncoding = 4; lastKnownFileType = sourcecode.c.h; path = main.h; sourceTree = "<group>"; };
/* End PBXFileReference section */

/* Begin PBXFrameworksBuildPhase section */
		C421D1341DD7480200945AFC /* Frameworks */ = {
			isa = PBXFrameworksBuildPhase;
			buildActionMask = 2147483647;
			files = (
			);
			runOnlyForDeploymentPostprocessing = 0;
		};
/* End PBXFrameworksBuildPhase section */

/* Begin PBXGroup section */
		C421D12E1DD7480200945AFC = {
			isa = PBXGroup;
			children = (
				C4EA159C1DD9603B00DA4059 /* reference */,
				C421D1391DD7480200945AFC /* Game_MasterMind */,
				C421D1381DD7480200945AFC /* Products */,
			);
			sourceTree = "<group>";
		};
		C421D1381DD7480200945AFC /* Products */ = {
			isa = PBXGroup;
			children = (
				C421D1371DD7480200945AFC /* Game_MasterMind */,
			);
			name = Products;
			sourceTree = "<group>";
		};
		C421D1391DD7480200945AFC /* Game_MasterMind */ = {
			isa = PBXGroup;
			children = (
				C421D13A1DD7480200945AFC /* main.c */,
				C4EA159F1DD9684E00DA4059 /* main.h */,
			);
			path = Game_MasterMind;
			sourceTree = "<group>";
		};
		C4EA159C1DD9603B00DA4059 /* reference */ = {
			isa = PBXGroup;
			children = (
				C4EA159D1DD9606F00DA4059 /* kadai01.cpp */,
			);
			name = reference;
			sourceTree = "<group>";
		};
/* End PBXGroup section */

/* Begin PBXNativeTarget section */
		C421D1361DD7480200945AFC /* Game_MasterMind */ = {
			isa = PBXNativeTarget;
			buildConfigurationList = C421D13E1DD7480200945AFC /* Build configuration list for PBXNativeTarget "Game_MasterMind" */;
			buildPhases = (
				C421D1331DD7480200945AFC /* Sources */,
				C421D1341DD7480200945AFC /* Frameworks */,
				C421D1351DD7480200945AFC /* CopyFiles */,
			);
			buildRules = (
			);
			dependencies = (
			);
			name = Game_MasterMind;
			productName = Game_MasterMind;
			productReference = C421D1371DD7480200945AFC /* Game_MasterMind */;
			productType = "com.apple.product-type.tool";
		};
/* End PBXNativeTarget section */

/* Begin PBXProject section */
		C421D12F1DD7480200945AFC /* Project object */ = {
			isa = PBXProject;
			attributes = {
				LastUpgradeCheck = 0810;
				ORGANIZATIONNAME = WANGWENQIAN;
				TargetAttributes = {
					C421D1361DD7480200945AFC = {
						CreatedOnToolsVersion = 8.1;
						DevelopmentTeam = 23ZNPN8Z2U;
						ProvisioningStyle = Automatic;
					};
				};
			};
			buildConfigurationList = C421D1321DD7480200945AFC /* Build configuration list for PBXProject "Game_MasterMind" */;
			compatibilityVersion = "Xcode 3.2";
			developmentRegion = English;
			hasScannedForEncodings = 0;
			knownRegions = (
				en,
			);
			mainGroup = C421D12E1DD7480200945AFC;
			productRefGroup = C421D1381DD7480200945AFC /* Products */;
			projectDirPath = "";
			projectRoot = "";
			targets = (
				C421D1361DD7480200945AFC /* Game_MasterMind */,
			);
		};
/* End PBXProject section */

/* Begin PBXSourcesBuildPhase section */
		C421D1331DD7480200945AFC /* Sources */ = {
			isa = PBXSourcesBuildPhase;
			buildActionMask = 2147483647;
			files = (
				C421D13B1DD7480200945AFC /* main.c in Sources */,
			);
			runOnlyForDeploymentPostprocessing = 0;
		};
/* End PBXSourcesBuildPhase section */

/* Begin XCBuildConfiguration section */
		C421D13C1DD7480200945AFC /* Debug */ = {
			isa = XCBuildConfiguration;
			buildSettings = {
				ALWAYS_SEARCH_USER_PATHS = NO;
				CLANG_ANALYZER_NONNULL = YES;
				CLANG_CXX_LANGUAGE_STANDARD = "gnu++0x";
				CLANG_CXX_LIBRARY = "libc++";
				CLANG_ENABLE_MODULES = YES;
				CLANG_ENABLE_OBJC_ARC = YES;
				CLANG_WARN_BOOL_CONVERSION = YES;
				CLANG_WARN_CONSTANT_CONVERSION = YES;
				CLANG_WARN_DIRECT_OBJC_ISA_USAGE = YES_ERROR;
				CLANG_WARN_DOCUMENTATION_COMMENTS = YES;
				CLANG_WARN_EMPTY_BODY = YES;
				CLANG_WARN_ENUM_CONVERSION = YES;
				CLANG_WARN_INFINITE_RECURSION = YES;
				CLANG_WARN_INT_CONVERSION = YES;
				CLANG_WARN_OBJC_ROOT_CLASS = YES_ERROR;
				CLANG_WARN_SUSPICIOUS_MOVES = YES;
				CLANG_WARN_UNREACHABLE_CODE = YES;
				CLANG_WARN__DUPLICATE_METHOD_MATCH = YES;
				CODE_SIGN_IDENTITY = "-";
				COPY_PHASE_STRIP = NO;
				DEBUG_INFORMATION_FORMAT = dwarf;
				ENABLE_STRICT_OBJC_MSGSEND = YES;
				ENABLE_TESTABILITY = YES;
				GCC_C_LANGUAGE_STANDARD = gnu99;
				GCC_DYNAMIC_NO_PIC = NO;
				GCC_NO_COMMON_BLOCKS = YES;
				GCC_OPTIMIZATION_LEVEL = 0;
				GCC_PREPROCESSOR_DEFINITIONS = (
					"DEBUG=1",
					"$(inherited)",
				);
				GCC_WARN_64_TO_32_BIT_CONVERSION = YES;
				GCC_WARN_ABOUT_RETURN_TYPE = YES_ERROR;
				GCC_WARN_UNDECLARED_SELECTOR = YES;
				GCC_WARN_UNINITIALIZED_AUTOS = YES_AGGRESSIVE;
				GCC_WARN_UNUSED_FUNCTION = YES;
				GCC_WARN_UNUSED_VARIABLE = YES;
				MACOSX_DEPLOYMENT_TARGET = 10.12;
				MTL_ENABLE_DEBUG_INFO = YES;
				ONLY_ACTIVE_ARCH = YES;
				SDKROOT = macosx;
			};
			name = Debug;
		};
		C421D13D1DD7480200945AFC /* Release */ = {
			isa = XCBuildConfiguration;
			buildSettings = {
				ALWAYS_SEARCH_USER_PATHS = NO;
				CLANG_ANALYZER_NONNULL = YES;
				CLANG_CXX_LANGUAGE_STANDARD = "gnu++0x";
				CLANG_CXX_LIBRARY = "libc++";
				CLANG_ENABLE_MODULES = YES;
				CLANG_ENABLE_OBJC_ARC = YES;
				CLANG_WARN_BOOL_CONVERSION = YES;
				CLANG_WARN_CONSTANT_CONVERSION = YES;
				CLANG_WARN_DIRECT_OBJC_ISA_USAGE = YES_ERROR;
				CLANG_WARN_DOCUMENTATION_COMMENTS = YES;
				CLANG_WARN_EMPTY_BODY = YES;
				CLANG_WARN_ENUM_CONVERSION = YES;
				CLANG_WARN_INFINITE_RECURSION = YES;
				CLANG_WARN_INT_CONVERSION = YES;
				CLANG_WARN_OBJC_ROOT_CLASS = YES_ERROR;
				CLANG_WARN_SUSPICIOUS_MOVES = YES;
				CLANG_WARN_UNREACHABLE_CODE = YES;
				CLANG_WARN__DUPLICATE_METHOD_MATCH = YES;
				CODE_SIGN_IDENTITY = "-";
				COPY_PHASE_STRIP = NO;
				DEBUG_INFORMATION_FORMAT = "dwarf-with-dsym";
				ENABLE_NS_ASSERTIONS = NO;
				ENABLE_STRICT_OBJC_MSGSEND = YES;
				GCC_C_LANGUAGE_STANDARD = gnu99;
				GCC_NO_COMMON_BLOCKS = YES;
				GCC_WARN_64_TO_32_BIT_CONVERSION = YES;
				GCC_WARN_ABOUT_RETURN_TYPE = YES_ERROR;
				GCC_WARN_UNDECLARED_SELECTOR = YES;
				GCC_WARN_UNINITIALIZED_AUTOS = YES_AGGRESSIVE;
				GCC_WARN_UNUSED_FUNCTION = YES;
				GCC_WARN_UNUSED_VARIABLE = YES;
				MACOSX_DEPLOYMENT_TARGET = 10.12;
				MTL_ENABLE_DEBUG_INFO = NO;
				SDKROOT = macosx;
			};
			name = Release;
		};
		C421D13F1DD7480200945AFC /* Debug */ = {
			isa = XCBuildConfiguration;
			buildSettings = {
				DEVELOPMENT_TEAM = 23ZNPN8Z2U;
				PRODUCT_NAME = "$(TARGET_NAME)";
			};
			name = Debug;
		};
		C421D1401DD7480200945AFC /* Release */ = {
			isa = XCBuildConfiguration;
			buildSettings = {
				DEVELOPMENT_TEAM = 23ZNPN8Z2U;
				PRODUCT_NAME = "$(TARGET_NAME)";
			};
			name = Release;
		};
/* End XCBuildConfiguration section */

/* Begin XCConfigurationList section */
		C421D1321DD7480200945AFC /* Build configuration list for PBXProject "Game_MasterMind" */ = {
			isa = XCConfigurationList;
			buildConfigurations = (
				C421D13C1DD7480200945AFC /* Debug */,
				C421D13D1DD7480200945AFC /* Release */,
			);
			defaultConfigurationIsVisible = 0;
			defaultConfigurationName = Release;
		};
		C421D13E1DD7480200945AFC /* Build configuration list for PBXNativeTarget "Game_MasterMind" */ = {
			isa = XCConfigurationList;
			buildConfigurations = (
				C421D13F1DD7480200945AFC /* Debug */,
				C421D1401DD7480200945AFC /* Release */,
			);
			defaultConfigurationIsVisible = 0;
			defaultConfigurationName = Release;
		};
/* End XCConfigurationList section */
	};
	rootObject = C421D12F1DD7480200945AFC /* Project object */;
}
